
Microsoft Visual Studio Solution File, Format Version 12.00
# Visual Studio Version 16
VisualStudioVersion = 16.0.31321.278
MinimumVisualStudioVersion = 10.0.40219.1
Project("{FAE04EC0-301F-11D3-BF4B-00C04F79EFBC}") = "webApp", "webApp\webApp.csproj", "{F2CC9C2C-F651-4984-8BFC-FEE31E8EBBB5}"
EndProject
Global
	GlobalSection(SolutionConfigurationPlatforms) = preSolution
		Debug|Any CPU = Debug|Any CPU
		Release|Any CPU = Release|Any CPU
	EndGlobalSection
	GlobalSection(ProjectConfigurationPlatforms) = postSolution
		{F2CC9C2C-F651-4984-8BFC-FEE31E8EBBB5}.Debug|Any CPU.ActiveCfg = Debug|Any CPU
		{F2CC9C2C-F651-4984-8BFC-FEE31E8EBBB5}.Debug|Any CPU.Build.0 = Debug|Any CPU
		{F2CC9C2C-F651-4984-8BFC-FEE31E8EBBB5}.Release|Any CPU.ActiveCfg = Release|Any CPU
		{F2CC9C2C-F651-4984-8BFC-FEE31E8EBBB5}.Release|Any CPU.Build.0 = Release|Any CPU
	EndGlobalSection
	GlobalSection(SolutionProperties) = preSolution
		HideSolutionNode = FALSE
	EndGlobalSection
	GlobalSection(ExtensibilityGlobals) = postSolution
		SolutionGuid = {63E30DAC-A52A-47C1-9F09-E184F26B2581}
	EndGlobalSection
EndGlobal
